
Microsoft Visual Studio Solution File, Format Version 12.00
# Visual Studio Version 17
VisualStudioVersion = 17.3.32922.545
MinimumVisualStudioVersion = 10.0.40219.1
Project("{FAE04EC0-301F-11D3-BF4B-00C04F79EFBC}") = "visual-programming-butunleme", "visual-programming-butunleme\visual-programming-butunleme.csproj", "{72EE2454-84D3-4EC9-84AC-5B79A1B472FB}"
EndProject
Global
	GlobalSection(SolutionConfigurationPlatforms) = preSolution
		Debug|Any CPU = Debug|Any CPU
		Release|Any CPU = Release|Any CPU
	EndGlobalSection
	GlobalSection(ProjectConfigurationPlatforms) = postSolution
		{72EE2454-84D3-4EC9-84AC-5B79A1B472FB}.Debug|Any CPU.ActiveCfg = Debug|Any CPU
		{72EE2454-84D3-4EC9-84AC-5B79A1B472FB}.Debug|Any CPU.Build.0 = Debug|Any CPU
		{72EE2454-84D3-4EC9-84AC-5B79A1B472FB}.Release|Any CPU.ActiveCfg = Release|Any CPU
		{72EE2454-84D3-4EC9-84AC-5B79A1B472FB}.Release|Any CPU.Build.0 = Release|Any CPU
	EndGlobalSection
	GlobalSection(SolutionProperties) = preSolution
		HideSolutionNode = FALSE
	EndGlobalSection
	GlobalSection(ExtensibilityGlobals) = postSolution
		SolutionGuid = {5AA50DFA-A035-40CA-BCA0-858288A48BCC}
	EndGlobalSection
EndGlobal
